
Microsoft Visual Studio Solution File, Format Version 12.00
# Visual Studio Version 16
VisualStudioVersion = 16.0.31205.134
MinimumVisualStudioVersion = 10.0.40219.1
Project("{FAE04EC0-301F-11D3-BF4B-00C04F79EFBC}") = "CAOverloadedOperator", "CAOverloadedOperator\CAOverloadedOperator.csproj", "{96B92D5E-EFB1-4212-B781-191B7C96DF34}"
EndProject
Global
	GlobalSection(SolutionConfigurationPlatforms) = preSolution
		Debug|Any CPU = Debug|Any CPU
		Release|Any CPU = Release|Any CPU
	EndGlobalSection
	GlobalSection(ProjectConfigurationPlatforms) = postSolution
		{96B92D5E-EFB1-4212-B781-191B7C96DF34}.Debug|Any CPU.ActiveCfg = Debug|Any CPU
		{96B92D5E-EFB1-4212-B781-191B7C96DF34}.Debug|Any CPU.Build.0 = Debug|Any CPU
		{96B92D5E-EFB1-4212-B781-191B7C96DF34}.Release|Any CPU.ActiveCfg = Release|Any CPU
		{96B92D5E-EFB1-4212-B781-191B7C96DF34}.Release|Any CPU.Build.0 = Release|Any CPU
	EndGlobalSection
	GlobalSection(SolutionProperties) = preSolution
		HideSolutionNode = FALSE
	EndGlobalSection
	GlobalSection(ExtensibilityGlobals) = postSolution
		SolutionGuid = {2A185488-744D-412C-A306-8E3E6B1222D3}
	EndGlobalSection
EndGlobal
